
Microsoft Visual Studio Solution File, Format Version 12.00
# Visual Studio 15
VisualStudioVersion = 15.0.26124.0
MinimumVisualStudioVersion = 15.0.26124.0
Project("{FAE04EC0-301F-11D3-BF4B-00C04F79EFBC}") = "ProEventos.Application", "ProEventos.Application\ProEventos.Application.csproj", "{C135291C-D62B-42F8-BCF8-10CD83D8AF75}"
EndProject
Project("{FAE04EC0-301F-11D3-BF4B-00C04F79EFBC}") = "ProEventos.Domain", "ProEventos.Domain\ProEventos.Domain.csproj", "{F8579EF6-DC8B-40A0-9676-C1A9B3FA305B}"
EndProject
Project("{FAE04EC0-301F-11D3-BF4B-00C04F79EFBC}") = "ProEventos.API", "ProEventos.Api\ProEventos.API.csproj", "{761D5B7E-2D84-462E-9189-0A6EC9C708E6}"
EndProject
Project("{FAE04EC0-301F-11D3-BF4B-00C04F79EFBC}") = "ProEventos.Persistence", "ProEventos.Persistence\ProEventos.Persistence.csproj", "{04A40BA5-D50A-4556-B097-C1A139206B20}"
EndProject
Global
	GlobalSection(SolutionConfigurationPlatforms) = preSolution
		Debug|Any CPU = Debug|Any CPU
		Debug|x64 = Debug|x64
		Debug|x86 = Debug|x86
		Release|Any CPU = Release|Any CPU
		Release|x64 = Release|x64
		Release|x86 = Release|x86
	EndGlobalSection
	GlobalSection(SolutionProperties) = preSolution
		HideSolutionNode = FALSE
	EndGlobalSection
	GlobalSection(ProjectConfigurationPlatforms) = postSolution
		{C135291C-D62B-42F8-BCF8-10CD83D8AF75}.Debug|Any CPU.ActiveCfg = Debug|Any CPU
		{C135291C-D62B-42F8-BCF8-10CD83D8AF75}.Debug|Any CPU.Build.0 = Debug|Any CPU
		{C135291C-D62B-42F8-BCF8-10CD83D8AF75}.Debug|x64.ActiveCfg = Debug|Any CPU
		{C135291C-D62B-42F8-BCF8-10CD83D8AF75}.Debug|x64.Build.0 = Debug|Any CPU
		{C135291C-D62B-42F8-BCF8-10CD83D8AF75}.Debug|x86.ActiveCfg = Debug|Any CPU
		{C135291C-D62B-42F8-BCF8-10CD83D8AF75}.Debug|x86.Build.0 = Debug|Any CPU
		{C135291C-D62B-42F8-BCF8-10CD83D8AF75}.Release|Any CPU.ActiveCfg = Release|Any CPU
		{C135291C-D62B-42F8-BCF8-10CD83D8AF75}.Release|Any CPU.Build.0 = Release|Any CPU
		{C135291C-D62B-42F8-BCF8-10CD83D8AF75}.Release|x64.ActiveCfg = Release|Any CPU
		{C135291C-D62B-42F8-BCF8-10CD83D8AF75}.Release|x64.Build.0 = Release|Any CPU
		{C135291C-D62B-42F8-BCF8-10CD83D8AF75}.Release|x86.ActiveCfg = Release|Any CPU
		{C135291C-D62B-42F8-BCF8-10CD83D8AF75}.Release|x86.Build.0 = Release|Any CPU
		{F8579EF6-DC8B-40A0-9676-C1A9B3FA305B}.Debug|Any CPU.ActiveCfg = Debug|Any CPU
		{F8579EF6-DC8B-40A0-9676-C1A9B3FA305B}.Debug|Any CPU.Build.0 = Debug|Any CPU
		{F8579EF6-DC8B-40A0-9676-C1A9B3FA305B}.Debug|x64.ActiveCfg = Debug|Any CPU
		{F8579EF6-DC8B-40A0-9676-C1A9B3FA305B}.Debug|x64.Build.0 = Debug|Any CPU
		{F8579EF6-DC8B-40A0-9676-C1A9B3FA305B}.Debug|x86.ActiveCfg = Debug|Any CPU
		{F8579EF6-DC8B-40A0-9676-C1A9B3FA305B}.Debug|x86.Build.0 = Debug|Any CPU
		{F8579EF6-DC8B-40A0-9676-C1A9B3FA305B}.Release|Any CPU.ActiveCfg = Release|Any CPU
		{F8579EF6-DC8B-40A0-9676-C1A9B3FA305B}.Release|Any CPU.Build.0 = Release|Any CPU
		{F8579EF6-DC8B-40A0-9676-C1A9B3FA305B}.Release|x64.ActiveCfg = Release|Any CPU
		{F8579EF6-DC8B-40A0-9676-C1A9B3FA305B}.Release|x64.Build.0 = Release|Any CPU
		{F8579EF6-DC8B-40A0-9676-C1A9B3FA305B}.Release|x86.ActiveCfg = Release|Any CPU
		{F8579EF6-DC8B-40A0-9676-C1A9B3FA305B}.Release|x86.Build.0 = Release|Any CPU
		{761D5B7E-2D84-462E-9189-0A6EC9C708E6}.Debug|Any CPU.ActiveCfg = Debug|Any CPU
		{761D5B7E-2D84-462E-9189-0A6EC9C708E6}.Debug|Any CPU.Build.0 = Debug|Any CPU
		{761D5B7E-2D84-462E-9189-0A6EC9C708E6}.Debug|x64.ActiveCfg = Debug|Any CPU
		{761D5B7E-2D84-462E-9189-0A6EC9C708E6}.Debug|x64.Build.0 = Debug|Any CPU
		{761D5B7E-2D84-462E-9189-0A6EC9C708E6}.Debug|x86.ActiveCfg = Debug|Any CPU
		{761D5B7E-2D84-462E-9189-0A6EC9C708E6}.Debug|x86.Build.0 = Debug|Any CPU
		{761D5B7E-2D84-462E-9189-0A6EC9C708E6}.Release|Any CPU.ActiveCfg = Release|Any CPU
		{761D5B7E-2D84-462E-9189-0A6EC9C708E6}.Release|Any CPU.Build.0 = Release|Any CPU
		{761D5B7E-2D84-462E-9189-0A6EC9C708E6}.Release|x64.ActiveCfg = Release|Any CPU
		{761D5B7E-2D84-462E-9189-0A6EC9C708E6}.Release|x64.Build.0 = Release|Any CPU
		{761D5B7E-2D84-462E-9189-0A6EC9C708E6}.Release|x86.ActiveCfg = Release|Any CPU
		{761D5B7E-2D84-462E-9189-0A6EC9C708E6}.Release|x86.Build.0 = Release|Any CPU
		{04A40BA5-D50A-4556-B097-C1A139206B20}.Debug|Any CPU.ActiveCfg = Debug|Any CPU
		{04A40BA5-D50A-4556-B097-C1A139206B20}.Debug|Any CPU.Build.0 = Debug|Any CPU
		{04A40BA5-D50A-4556-B097-C1A139206B20}.Debug|x64.ActiveCfg = Debug|Any CPU
		{04A40BA5-D50A-4556-B097-C1A139206B20}.Debug|x64.Build.0 = Debug|Any CPU
		{04A40BA5-D50A-4556-B097-C1A139206B20}.Debug|x86.ActiveCfg = Debug|Any CPU
		{04A40BA5-D50A-4556-B097-C1A139206B20}.Debug|x86.Build.0 = Debug|Any CPU
		{04A40BA5-D50A-4556-B097-C1A139206B20}.Release|Any CPU.ActiveCfg = Release|Any CPU
		{04A40BA5-D50A-4556-B097-C1A139206B20}.Release|Any CPU.Build.0 = Release|Any CPU
		{04A40BA5-D50A-4556-B097-C1A139206B20}.Release|x64.ActiveCfg = Release|Any CPU
		{04A40BA5-D50A-4556-B097-C1A139206B20}.Release|x64.Build.0 = Release|Any CPU
		{04A40BA5-D50A-4556-B097-C1A139206B20}.Release|x86.ActiveCfg = Release|Any CPU
		{04A40BA5-D50A-4556-B097-C1A139206B20}.Release|x86.Build.0 = Release|Any CPU
	EndGlobalSection
EndGlobal
